
Microsoft Visual Studio Solution File, Format Version 12.00
# Visual Studio Version 17
VisualStudioVersion = 17.0.32014.148
MinimumVisualStudioVersion = 10.0.40219.1
Project("{9A19103F-16F7-4668-BE54-9A1E7A4F7556}") = "TestMassTransit", "TestMassTransit\TestMassTransit.csproj", "{AD62FFF0-FE71-4114-A552-858BC25EE9FD}"
EndProject
Project("{9A19103F-16F7-4668-BE54-9A1E7A4F7556}") = "TestMassTransit2", "TestMassTransit2\TestMassTransit2.csproj", "{DCAC9C9A-E8A3-48DA-B974-D70F4C514653}"
EndProject
Project("{9A19103F-16F7-4668-BE54-9A1E7A4F7556}") = "APIGetaway", "APIGetaway\APIGetaway.csproj", "{068AAFCC-2F1F-440C-BB63-4162FD889DEE}"
EndProject
Project("{2150E333-8FDC-42A3-9474-1A3956D46DE8}") = "Solution Items", "Solution Items", "{29B02A41-E541-4529-B00C-4C4D578CAA61}"
	ProjectSection(SolutionItems) = preProject
		rebbit.yml = rebbit.yml
	EndProjectSection
EndProject
Project("{FAE04EC0-301F-11D3-BF4B-00C04F79EFBC}") = "Shared.API", "Shared.API\Shared.API.csproj", "{D5B96898-7397-43D7-9611-33774D006C0A}"
EndProject
Global
	GlobalSection(SolutionConfigurationPlatforms) = preSolution
		Debug|Any CPU = Debug|Any CPU
		Release|Any CPU = Release|Any CPU
	EndGlobalSection
	GlobalSection(ProjectConfigurationPlatforms) = postSolution
		{AD62FFF0-FE71-4114-A552-858BC25EE9FD}.Debug|Any CPU.ActiveCfg = Debug|Any CPU
		{AD62FFF0-FE71-4114-A552-858BC25EE9FD}.Debug|Any CPU.Build.0 = Debug|Any CPU
		{AD62FFF0-FE71-4114-A552-858BC25EE9FD}.Release|Any CPU.ActiveCfg = Release|Any CPU
		{AD62FFF0-FE71-4114-A552-858BC25EE9FD}.Release|Any CPU.Build.0 = Release|Any CPU
		{DCAC9C9A-E8A3-48DA-B974-D70F4C514653}.Debug|Any CPU.ActiveCfg = Debug|Any CPU
		{DCAC9C9A-E8A3-48DA-B974-D70F4C514653}.Debug|Any CPU.Build.0 = Debug|Any CPU
		{DCAC9C9A-E8A3-48DA-B974-D70F4C514653}.Release|Any CPU.ActiveCfg = Release|Any CPU
		{DCAC9C9A-E8A3-48DA-B974-D70F4C514653}.Release|Any CPU.Build.0 = Release|Any CPU
		{068AAFCC-2F1F-440C-BB63-4162FD889DEE}.Debug|Any CPU.ActiveCfg = Debug|Any CPU
		{068AAFCC-2F1F-440C-BB63-4162FD889DEE}.Debug|Any CPU.Build.0 = Debug|Any CPU
		{068AAFCC-2F1F-440C-BB63-4162FD889DEE}.Release|Any CPU.ActiveCfg = Release|Any CPU
		{068AAFCC-2F1F-440C-BB63-4162FD889DEE}.Release|Any CPU.Build.0 = Release|Any CPU
		{D5B96898-7397-43D7-9611-33774D006C0A}.Debug|Any CPU.ActiveCfg = Debug|Any CPU
		{D5B96898-7397-43D7-9611-33774D006C0A}.Debug|Any CPU.Build.0 = Debug|Any CPU
		{D5B96898-7397-43D7-9611-33774D006C0A}.Release|Any CPU.ActiveCfg = Release|Any CPU
		{D5B96898-7397-43D7-9611-33774D006C0A}.Release|Any CPU.Build.0 = Release|Any CPU
	EndGlobalSection
	GlobalSection(SolutionProperties) = preSolution
		HideSolutionNode = FALSE
	EndGlobalSection
	GlobalSection(ExtensibilityGlobals) = postSolution
		SolutionGuid = {BCC7E63F-B1AE-4004-83F6-44DCB6F1D2BC}
	EndGlobalSection
EndGlobal
